{
  "nodes": {
    "advisory-db": {
      "flake": false,
      "locked": {
        "lastModified": 1772690701,
        "narHash": "sha256-FJS6br7hq6OYgAIYWXe1eVpgOD+gs99Jx/wGcIipkiI=",
        "owner": "rustsec",
        "repo": "advisory-db",
        "rev": "8523f5db7427736fa30ac79c2df6d25a5912ea7d",
        "type": "github"
      },
      "original": {
        "owner": "rustsec",
        "repo": "advisory-db",
        "type": "github"
      }
    },
    "crane": {
      "locked": {
        "lastModified": 1772560058,
        "narHash": "sha256-NuVKdMBJldwUXgghYpzIWJdfeB7ccsu1CC7B+NfSoZ8=",
        "owner": "ipetkov",
        "repo": "crane",
        "rev": "db590d9286ed5ce22017541e36132eab4e8b3045",
        "type": "github"
      },
      "original": {
        "owner": "ipetkov",
        "repo": "crane",
        "type": "github"
      }
    },
    "flake-parts": {
      "inputs": {
        "nixpkgs-lib": "nixpkgs-lib"
      },
      "locked": {
        "lastModified": 1782949081,
        "narHash": "sha256-vp6Y/Grm98ESt6ceOkWiHWyZRDV3J1RID4w+6NWK9yA=",
        "owner": "hercules-ci",
        "repo": "flake-parts",
        "rev": "17c9d6cdfc60c64f4ee8d306f9bc0b4ccb51481e",
        "type": "github"
      },
      "original": {
        "owner": "hercules-ci",
        "repo": "flake-parts",
        "type": "github"
      }
    },
    "flake-utils": {
      "inputs": {
        "systems": "systems"
      },
      "locked": {
        "lastModified": 1731533236,
        "narHash": "sha256-l0KFg5HjrsfsO/JpG+r7fRrqm12kzFHyUHqHCVpMMbI=",
        "owner": "numtide",
        "repo": "flake-utils",
        "rev": "11707dc2f618dd54ca8739b309ec4fc024de578b",
        "type": "github"
      },
      "original": {
        "owner": "numtide",
        "repo": "flake-utils",
        "type": "github"
      }
    },
    "flake-utils_2": {
      "inputs": {
        "systems": "systems_2"
      },
      "locked": {
        "lastModified": 1731533236,
        "narHash": "sha256-l0KFg5HjrsfsO/JpG+r7fRrqm12kzFHyUHqHCVpMMbI=",
        "owner": "numtide",
        "repo": "flake-utils",
        "rev": "11707dc2f618dd54ca8739b309ec4fc024de578b",
        "type": "github"
      },
      "original": {
        "owner": "numtide",
        "repo": "flake-utils",
        "type": "github"
      }
    },
    "flake-utils_3": {
      "inputs": {
        "systems": "systems_4"
      },
      "locked": {
        "lastModified": 1731533236,
        "narHash": "sha256-l0KFg5HjrsfsO/JpG+r7fRrqm12kzFHyUHqHCVpMMbI=",
        "owner": "numtide",
        "repo": "flake-utils",
        "rev": "11707dc2f618dd54ca8739b309ec4fc024de578b",
        "type": "github"
      },
      "original": {
        "owner": "numtide",
        "repo": "flake-utils",
        "type": "github"
      }
    },
    "flake-utils_4": {
      "inputs": {
        "systems": "systems_5"
      },
      "locked": {
        "lastModified": 1731533236,
        "narHash": "sha256-l0KFg5HjrsfsO/JpG+r7fRrqm12kzFHyUHqHCVpMMbI=",
        "owner": "numtide",
        "repo": "flake-utils",
        "rev": "11707dc2f618dd54ca8739b309ec4fc024de578b",
        "type": "github"
      },
      "original": {
        "owner": "numtide",
        "repo": "flake-utils",
        "type": "github"
      }
    },
    "meta-harbor": {
      "inputs": {
        "flake-utils": "flake-utils_2",
        "nixpkgs": [
          "rs-harbor",
          "nixpkgs"
        ]
      },
      "locked": {
        "lastModified": 1783280759,
        "narHash": "sha256-kXNLMVs0bF1DzeK8NPG54mY5wwvdng8XDep3C/uqHhE=",
        "ref": "trunk",
        "rev": "d189903b657f4d0dc4f47003005f1b9260c77e89",
        "revCount": 2,
        "type": "git",
        "url": "https://codeberg.org/caniko/meta-harbor.git"
      },
      "original": {
        "ref": "trunk",
        "type": "git",
        "url": "https://codeberg.org/caniko/meta-harbor.git"
      }
    },
    "nix-bundle": {
      "inputs": {
        "nixpkgs": [
          "rs-harbor",
          "nixpkgs"
        ],
        "utils": "utils"
      },
      "locked": {
        "lastModified": 1756736056,
        "narHash": "sha256-8YFhvulVX3iS4TYnKisA9zSImJeFN21G75HOUUFjzuE=",
        "owner": "nix-community",
        "repo": "nix-bundle",
        "rev": "eff01593f62794d458ec714090091419194ab64d",
        "type": "github"
      },
      "original": {
        "owner": "nix-community",
        "repo": "nix-bundle",
        "type": "github"
      }
    },
    "nix-opencode-lsp": {
      "inputs": {
        "flake-utils": "flake-utils_3",
        "nixpkgs": [
          "rs-harbor",
          "nixpkgs"
        ]
      },
      "locked": {
        "lastModified": 1785298780,
        "narHash": "sha256-hq+/QcdG+pOKugcglqt92n3AwDbZnJB/Z+FCgmM3nwg=",
        "owner": "caniko",
        "repo": "nix-opencode-lsp",
        "rev": "38e7ce16c754947a257a00a77682adfe696b6718",
        "type": "github"
      },
      "original": {
        "owner": "caniko",
        "repo": "nix-opencode-lsp",
        "rev": "38e7ce16c754947a257a00a77682adfe696b6718",
        "type": "github"
      }
    },
    "nixpkgs": {
      "locked": {
        "lastModified": 1772674223,
        "narHash": "sha256-/suKbHSaSmuC9UY7G0VRQ3aO+QKqxAQPQ19wG7QNkF8=",
        "owner": "NixOS",
        "repo": "nixpkgs",
        "rev": "66d9241e3dc2296726dc522e62dbfe89c7b449f3",
        "type": "github"
      },
      "original": {
        "owner": "NixOS",
        "ref": "nixpkgs-unstable",
        "repo": "nixpkgs",
        "type": "github"
      }
    },
    "nixpkgs-lib": {
      "locked": {
        "lastModified": 1782614948,
        "narHash": "sha256-ePjCwr1sNm9NYUqywL7QfK3JnlS015msC+eBu2zKlp8=",
        "owner": "nix-community",
        "repo": "nixpkgs.lib",
        "rev": "db3f255737b94216eb71cce308e2912cf6bc2d7c",
        "type": "github"
      },
      "original": {
        "owner": "nix-community",
        "repo": "nixpkgs.lib",
        "type": "github"
      }
    },
    "osxcross": {
      "inputs": {
        "flake-utils": "flake-utils_4",
        "nixpkgs": [
          "rs-harbor",
          "nixpkgs"
        ]
      },
      "locked": {
        "lastModified": 1780425807,
        "narHash": "sha256-vPrpqec/uHpOu0u4P+XdL70MWaHyn4zh8IfpCmp1yIs=",
        "owner": "caniko",
        "repo": "osxcross",
        "rev": "246fc035534167fadba187a602bc4a40990974dc",
        "type": "github"
      },
      "original": {
        "owner": "caniko",
        "ref": "flake",
        "repo": "osxcross",
        "type": "github"
      }
    },
    "root": {
      "inputs": {
        "advisory-db": "advisory-db",
        "crane": "crane",
        "flake-utils": "flake-utils",
        "nixpkgs": "nixpkgs",
        "rs-harbor": "rs-harbor"
      }
    },
    "rs-harbor": {
      "inputs": {
        "crane": [
          "crane"
        ],
        "flake-parts": "flake-parts",
        "meta-harbor": "meta-harbor",
        "nix-bundle": "nix-bundle",
        "nix-opencode-lsp": "nix-opencode-lsp",
        "nixpkgs": [
          "nixpkgs"
        ],
        "osxcross": "osxcross",
        "rust-overlay": "rust-overlay"
      },
      "locked": {
        "lastModified": 1785620886,
        "narHash": "sha256-uNFt+8v9YY8VjFiR5Xnhf5s4eJ2ShZXuxcpvcDSVFzE=",
        "owner": "caniko",
        "repo": "rs-harbor",
        "rev": "e2778ff3beca1bd4c1f5183313251d1fb5b46dd6",
        "type": "github"
      },
      "original": {
        "owner": "caniko",
        "repo": "rs-harbor",
        "rev": "e2778ff3beca1bd4c1f5183313251d1fb5b46dd6",
        "type": "github"
      }
    },
    "rust-overlay": {
      "inputs": {
        "nixpkgs": [
          "rs-harbor",
          "nixpkgs"
        ]
      },
      "locked": {
        "lastModified": 1784350408,
        "narHash": "sha256-OstzLWL5t7Xe14xEC6GIMJCp0PrYNTSA0El7GG2av88=",
        "owner": "oxalica",
        "repo": "rust-overlay",
        "rev": "3c38e1e1ba9c8d7030f7b5a801398ea7d8a6fdc0",
        "type": "github"
      },
      "original": {
        "owner": "oxalica",
        "repo": "rust-overlay",
        "type": "github"
      }
    },
    "systems": {
      "locked": {
        "lastModified": 1681028828,
        "narHash": "sha256-Vy1rq5AaRuLzOxct8nz4T6wlgyUR7zLU309k9mBC768=",
        "owner": "nix-systems",
        "repo": "default",
        "rev": "da67096a3b9bf56a91d16901293e51ba5b49a27e",
        "type": "github"
      },
      "original": {
        "owner": "nix-systems",
        "repo": "default",
        "type": "github"
      }
    },
    "systems_2": {
      "locked": {
        "lastModified": 1681028828,
        "narHash": "sha256-Vy1rq5AaRuLzOxct8nz4T6wlgyUR7zLU309k9mBC768=",
        "owner": "nix-systems",
        "repo": "default",
        "rev": "da67096a3b9bf56a91d16901293e51ba5b49a27e",
        "type": "github"
      },
      "original": {
        "owner": "nix-systems",
        "repo": "default",
        "type": "github"
      }
    },
    "systems_3": {
      "locked": {
        "lastModified": 1681028828,
        "narHash": "sha256-Vy1rq5AaRuLzOxct8nz4T6wlgyUR7zLU309k9mBC768=",
        "owner": "nix-systems",
        "repo": "default",
        "rev": "da67096a3b9bf56a91d16901293e51ba5b49a27e",
        "type": "github"
      },
      "original": {
        "owner": "nix-systems",
        "repo": "default",
        "type": "github"
      }
    },
    "systems_4": {
      "locked": {
        "lastModified": 1681028828,
        "narHash": "sha256-Vy1rq5AaRuLzOxct8nz4T6wlgyUR7zLU309k9mBC768=",
        "owner": "nix-systems",
        "repo": "default",
        "rev": "da67096a3b9bf56a91d16901293e51ba5b49a27e",
        "type": "github"
      },
      "original": {
        "owner": "nix-systems",
        "repo": "default",
        "type": "github"
      }
    },
    "systems_5": {
      "locked": {
        "lastModified": 1681028828,
        "narHash": "sha256-Vy1rq5AaRuLzOxct8nz4T6wlgyUR7zLU309k9mBC768=",
        "owner": "nix-systems",
        "repo": "default",
        "rev": "da67096a3b9bf56a91d16901293e51ba5b49a27e",
        "type": "github"
      },
      "original": {
        "owner": "nix-systems",
        "repo": "default",
        "type": "github"
      }
    },
    "utils": {
      "inputs": {
        "systems": "systems_3"
      },
      "locked": {
        "lastModified": 1731533236,
        "narHash": "sha256-l0KFg5HjrsfsO/JpG+r7fRrqm12kzFHyUHqHCVpMMbI=",
        "owner": "numtide",
        "repo": "flake-utils",
        "rev": "11707dc2f618dd54ca8739b309ec4fc024de578b",
        "type": "github"
      },
      "original": {
        "owner": "numtide",
        "repo": "flake-utils",
        "type": "github"
      }
    }
  },
  "root": "root",
  "version": 7
}
